
Microsoft Visual Studio Solution File, Format Version 12.00
# Visual Studio Version 17
VisualStudioVersion = 17.5.002.0
MinimumVisualStudioVersion = 10.0.40219.1
Project("{9A19103F-16F7-4668-BE54-9A1E7A4F7556}") = "orientacao-a-objetos", "orientacao-a-objetos.csproj", "{76EAFB42-9330-4567-ACFD-73A3BB7EFDE7}"
EndProject
Global
	GlobalSection(SolutionConfigurationPlatforms) = preSolution
		Debug|Any CPU = Debug|Any CPU
		Release|Any CPU = Release|Any CPU
	EndGlobalSection
	GlobalSection(ProjectConfigurationPlatforms) = postSolution
		{76EAFB42-9330-4567-ACFD-73A3BB7EFDE7}.Debug|Any CPU.ActiveCfg = Debug|Any CPU
		{76EAFB42-9330-4567-ACFD-73A3BB7EFDE7}.Debug|Any CPU.Build.0 = Debug|Any CPU
		{76EAFB42-9330-4567-ACFD-73A3BB7EFDE7}.Release|Any CPU.ActiveCfg = Release|Any CPU
		{76EAFB42-9330-4567-ACFD-73A3BB7EFDE7}.Release|Any CPU.Build.0 = Release|Any CPU
	EndGlobalSection
	GlobalSection(SolutionProperties) = preSolution
		HideSolutionNode = FALSE
	EndGlobalSection
	GlobalSection(ExtensibilityGlobals) = postSolution
		SolutionGuid = {ECF935FA-02D4-4657-B604-D8492516A041}
	EndGlobalSection
EndGlobal
